// !$*UTF8*$!
{
	archiveVersion = 1;
	classes = {
	};
	objectVersion = 46;
	objects = {

/* Begin PBXBuildFile section */
		4BE79FFA1CAB931B00200896 /* AppDelegate.swift in Sources */ = {isa = PBXBuildFile; fileRef = 4BE79FF91CAB931B00200896 /* AppDelegate.swift */; };
		4BE79FFC1CAB931B00200896 /* ViewController.swift in Sources */ = {isa = PBXBuildFile; fileRef = 4BE79FFB1CAB931B00200896 /* ViewController.swift */; };
		4BE79FFF1CAB931B00200896 /* Main.storyboard in Resources */ = {isa = PBXBuildFile; fileRef = 4BE79FFD1CAB931B00200896 /* Main.storyboard */; };
		4BE7A0011CAB931B00200896 /* Assets.xcassets in Resources */ = {isa = PBXBuildFile; fileRef = 4BE7A0001CAB931B00200896 /* Assets.xcassets */; };
		4BE7A0041CAB931B00200896 /* LaunchScreen.storyboard in Resources */ = {isa = PBXBuildFile; fileRef = 4BE7A0021CAB931B00200896 /* LaunchScreen.storyboard */; };
/* End PBXBuildFile section */

/* Begin PBXFileReference section */
		4BE79FF61CAB931B00200896 /* views2.app */ = {isa = PBXFileReference; explicitFileType = wrapper.application; includeInIndex = 0; path = views2.app; sourceTree = BUILT_PRODUCTS_DIR; };
		4BE79FF91CAB931B00200896 /* AppDelegate.swift */ = {isa = PBXFileReference; lastKnownFileType = sourcecode.swift; path = AppDelegate.swift; sourceTree = "<group>"; };
		4BE79FFB1CAB931B00200896 /* ViewController.swift */ = {isa = PBXFileReference; lastKnownFileType = sourcecode.swift; path = ViewController.swift; sourceTree = "<group>"; };
		4BE79FFE1CAB931B00200896 /* Base */ = {isa = PBXFileReference; lastKnownFileType = file.storyboard; name = Base; path = Base.lproj/Main.storyboard; sourceTree = "<group>"; };
		4BE7A0001CAB931B00200896 /* Assets.xcassets */ = {isa = PBXFileReference; lastKnownFileType = folder.assetcatalog; path = Assets.xcassets; sourceTree = "<group>"; };
		4BE7A0031CAB931B00200896 /* Base */ = {isa = PBXFileReference; lastKnownFileType = file.storyboard; name = Base; path = Base.lproj/LaunchScreen.storyboard; sourceTree = "<group>"; };
		4BE7A0051CAB931B00200896 /* Info.plist */ = {isa = PBXFileReference; lastKnownFileType = text.plist.xml; path = Info.plist; sourceTree = "<group>"; };
/* End PBXFileReference section */

/* Begin PBXFrameworksBuildPhase section */
		4BE79FF31CAB931B00200896 /* Frameworks */ = {
			isa = PBXFrameworksBuildPhase;
			buildActionMask = 2147483647;
			files = (
			);
			runOnlyForDeploymentPostprocessing = 0;
		};
/* End PBXFrameworksBuildPhase section */

/* Begin PBXGroup section */
		4BE79FED1CAB931B00200896 = {
			isa = PBXGroup;
			children = (
				4BE79FF81CAB931B00200896 /* views2 */,
				4BE79FF71CAB931B00200896 /* Products */,
			);
			sourceTree = "<group>";
		};
		4BE79FF71CAB931B00200896 /* Products */ = {
			isa = PBXGroup;
			children = (
				4BE79FF61CAB931B00200896 /* views2.app */,
			);
			name = Products;
			sourceTree = "<group>";
		};
		4BE79FF81CAB931B00200896 /* views2 */ = {
			isa = PBXGroup;
			children = (
				4BE79FF91CAB931B00200896 /* AppDelegate.swift */,
				4BE79FFB1CAB931B00200896 /* ViewController.swift */,
				4BE79FFD1CAB931B00200896 /* Main.storyboard */,
				4BE7A0001CAB931B00200896 /* Assets.xcassets */,
				4BE7A0021CAB931B00200896 /* LaunchScreen.storyboard */,
				4BE7A0051CAB931B00200896 /* Info.plist */,
			);
			path = views2;
			sourceTree = "<group>";
		};
/* End PBXGroup section */

/* Begin PBXNativeTarget section */
		4BE79FF51CAB931B00200896 /* views2 */ = {
			isa = PBXNativeTarget;
			buildConfigurationList = 4BE7A0081CAB931B00200896 /* Build configuration list for PBXNativeTarget "views2" */;
			buildPhases = (
				4BE79FF21CAB931B00200896 /* Sources */,
				4BE79FF31CAB931B00200896 /* Frameworks */,
				4BE79FF41CAB931B00200896 /* Resources */,
			);
			buildRules = (
			);
			dependencies = (
			);
			name = views2;
			productName = views2;
			productReference = 4BE79FF61CAB931B00200896 /* views2.app */;
			productType = "com.apple.product-type.application";
		};
/* End PBXNativeTarget section */

/* Begin PBXProject section */
		4BE79FEE1CAB931B00200896 /* Project object */ = {
			isa = PBXProject;
			attributes = {
				LastSwiftUpdateCheck = 0720;
				LastUpgradeCheck = 0720;
				ORGANIZATIONNAME = Mercsjho;
				TargetAttributes = {
					4BE79FF51CAB931B00200896 = {
						CreatedOnToolsVersion = 7.2;
					};
				};
			};
			buildConfigurationList = 4BE79FF11CAB931B00200896 /* Build configuration list for PBXProject "views2" */;
			compatibilityVersion = "Xcode 3.2";
			developmentRegion = English;
			hasScannedForEncodings = 0;
			knownRegions = (
				en,
				Base,
			);
			mainGroup = 4BE79FED1CAB931B00200896;
			productRefGroup = 4BE79FF71CAB931B00200896 /* Products */;
			projectDirPath = "";
			projectRoot = "";
			targets = (
				4BE79FF51CAB931B00200896 /* views2 */,
			);
		};
/* End PBXProject section */

/* Begin PBXResourcesBuildPhase section */
		4BE79FF41CAB931B00200896 /* Resources */ = {
			isa = PBXResourcesBuildPhase;
			buildActionMask = 2147483647;
			files = (
				4BE7A0041CAB931B00200896 /* LaunchScreen.storyboard in Resources */,
				4BE7A0011CAB931B00200896 /* Assets.xcassets in Resources */,
				4BE79FFF1CAB931B00200896 /* Main.storyboard in Resources */,
			);
			runOnlyForDeploymentPostprocessing = 0;
		};
/* End PBXResourcesBuildPhase section */

/* Begin PBXSourcesBuildPhase section */
		4BE79FF21CAB931B00200896 /* Sources */ = {
			isa = PBXSourcesBuildPhase;
			buildActionMask = 2147483647;
			files = (
				4BE79FFC1CAB931B00200896 /* ViewController.swift in Sources */,
				4BE79FFA1CAB931B00200896 /* AppDelegate.swift in Sources */,
			);
			runOnlyForDeploymentPostprocessing = 0;
		};
/* End PBXSourcesBuildPhase section */

/* Begin PBXVariantGroup section */
		4BE79FFD1CAB931B00200896 /* Main.storyboard */ = {
			isa = PBXVariantGroup;
			children = (
				4BE79FFE1CAB931B00200896 /* Base */,
			);
			name = Main.storyboard;
			sourceTree = "<group>";
		};
		4BE7A0021CAB931B00200896 /* LaunchScreen.storyboard */ = {
			isa = PBXVariantGroup;
			children = (
				4BE7A0031CAB931B00200896 /* Base */,
			);
			name = LaunchScreen.storyboard;
			sourceTree = "<group>";
		};
/* End PBXVariantGroup section */

/* Begin XCBuildConfiguration section */
		4BE7A0061CAB931B00200896 /* Debug */ = {
			isa = XCBuildConfiguration;
			buildSettings = {
				ALWAYS_SEARCH_USER_PATHS = NO;
				CLANG_CXX_LANGUAGE_STANDARD = "gnu++0x";
				CLANG_CXX_LIBRARY = "libc++";
				CLANG_ENABLE_MODULES = YES;
				CLANG_ENABLE_OBJC_ARC = YES;
				CLANG_WARN_BOOL_CONVERSION = YES;
				CLANG_WARN_CONSTANT_CONVERSION = YES;
				CLANG_WARN_DIRECT_OBJC_ISA_USAGE = YES_ERROR;
				CLANG_WARN_EMPTY_BODY = YES;
				CLANG_WARN_ENUM_CONVERSION = YES;
				CLANG_WARN_INT_CONVERSION = YES;
				CLANG_WARN_OBJC_ROOT_CLASS = YES_ERROR;
				CLANG_WARN_UNREACHABLE_CODE = YES;
				CLANG_WARN__DUPLICATE_METHOD_MATCH = YES;
				"CODE_SIGN_IDENTITY[sdk=iphoneos*]" = "iPhone Developer";
				COPY_PHASE_STRIP = NO;
				DEBUG_INFORMATION_FORMAT = dwarf;
				ENABLE_STRICT_OBJC_MSGSEND = YES;
				ENABLE_TESTABILITY = YES;
				GCC_C_LANGUAGE_STANDARD = gnu99;
				GCC_DYNAMIC_NO_PIC = NO;
				GCC_NO_COMMON_BLOCKS = YES;
				GCC_OPTIMIZATION_LEVEL = 0;
				GCC_PREPROCESSOR_DEFINITIONS = (
					"DEBUG=1",
					"$(inherited)",
				);
				GCC_WARN_64_TO_32_BIT_CONVERSION = YES;
				GCC_WARN_ABOUT_RETURN_TYPE = YES_ERROR;
				GCC_WARN_UNDECLARED_SELECTOR = YES;
				GCC_WARN_UNINITIALIZED_AUTOS = YES_AGGRESSIVE;
				GCC_WARN_UNUSED_FUNCTION = YES;
				GCC_WARN_UNUSED_VARIABLE = YES;
				IPHONEOS_DEPLOYMENT_TARGET = 9.2;
				MTL_ENABLE_DEBUG_INFO = YES;
				ONLY_ACTIVE_ARCH = YES;
				SDKROOT = iphoneos;
				SWIFT_OPTIMIZATION_LEVEL = "-Onone";
			};
			name = Debug;
		};
		4BE7A0071CAB931B00200896 /* Release */ = {
			isa = XCBuildConfiguration;
			buildSettings = {
				ALWAYS_SEARCH_USER_PATHS = NO;
				CLANG_CXX_LANGUAGE_STANDARD = "gnu++0x";
				CLANG_CXX_LIBRARY = "libc++";
				CLANG_ENABLE_MODULES = YES;
				CLANG_ENABLE_OBJC_ARC = YES;
				CLANG_WARN_BOOL_CONVERSION = YES;
				CLANG_WARN_CONSTANT_CONVERSION = YES;
				CLANG_WARN_DIRECT_OBJC_ISA_USAGE = YES_ERROR;
				CLANG_WARN_EMPTY_BODY = YES;
				CLANG_WARN_ENUM_CONVERSION = YES;
				CLANG_WARN_INT_CONVERSION = YES;
				CLANG_WARN_OBJC_ROOT_CLASS = YES_ERROR;
				CLANG_WARN_UNREACHABLE_CODE = YES;
				CLANG_WARN__DUPLICATE_METHOD_MATCH = YES;
				"CODE_SIGN_IDENTITY[sdk=iphoneos*]" = "iPhone Developer";
				COPY_PHASE_STRIP = NO;
				DEBUG_INFORMATION_FORMAT = "dwarf-with-dsym";
				ENABLE_NS_ASSERTIONS = NO;
				ENABLE_STRICT_OBJC_MSGSEND = YES;
				GCC_C_LANGUAGE_STANDARD = gnu99;
				GCC_NO_COMMON_BLOCKS = YES;
				GCC_WARN_64_TO_32_BIT_CONVERSION = YES;
				GCC_WARN_ABOUT_RETURN_TYPE = YES_ERROR;
				GCC_WARN_UNDECLARED_SELECTOR = YES;
				GCC_WARN_UNINITIALIZED_AUTOS = YES_AGGRESSIVE;
				GCC_WARN_UNUSED_FUNCTION = YES;
				GCC_WARN_UNUSED_VARIABLE = YES;
				IPHONEOS_DEPLOYMENT_TARGET = 9.2;
				MTL_ENABLE_DEBUG_INFO = NO;
				SDKROOT = iphoneos;
				VALIDATE_PRODUCT = YES;
			};
			name = Release;
		};
		4BE7A0091CAB931B00200896 /* Debug */ = {
			isa = XCBuildConfiguration;
			buildSettings = {
				ASSETCATALOG_COMPILER_APPICON_NAME = AppIcon;
				INFOPLIST_FILE = views2/Info.plist;
				LD_RUNPATH_SEARCH_PATHS = "$(inherited) @executable_path/Frameworks";
				PRODUCT_BUNDLE_IDENTIFIER = com.Mer.views2;
				PRODUCT_NAME = "$(TARGET_NAME)";
			};
			name = Debug;
		};
		4BE7A00A1CAB931B00200896 /* Release */ = {
			isa = XCBuildConfiguration;
			buildSettings = {
				ASSETCATALOG_COMPILER_APPICON_NAME = AppIcon;
				INFOPLIST_FILE = views2/Info.plist;
				LD_RUNPATH_SEARCH_PATHS = "$(inherited) @executable_path/Frameworks";
				PRODUCT_BUNDLE_IDENTIFIER = com.Mer.views2;
				PRODUCT_NAME = "$(TARGET_NAME)";
			};
			name = Release;
		};
/* End XCBuildConfiguration section */

/* Begin XCConfigurationList section */
		4BE79FF11CAB931B00200896 /* Build configuration list for PBXProject "views2" */ = {
			isa = XCConfigurationList;
			buildConfigurations = (
				4BE7A0061CAB931B00200896 /* Debug */,
				4BE7A0071CAB931B00200896 /* Release */,
			);
			defaultConfigurationIsVisible = 0;
			defaultConfigurationName = Release;
		};
		4BE7A0081CAB931B00200896 /* Build configuration list for PBXNativeTarget "views2" */ = {
			isa = XCConfigurationList;
			buildConfigurations = (
				4BE7A0091CAB931B00200896 /* Debug */,
				4BE7A00A1CAB931B00200896 /* Release */,
			);
			defaultConfigurationIsVisible = 0;
		};
/* End XCConfigurationList section */
	};
	rootObject = 4BE79FEE1CAB931B00200896 /* Project object */;
}
